<?xml version="1.0" encoding="utf-8"?>
<Project ToolsVersion="4.0" xmlns="http://schemas.microsoft.com/developer/msbuild/2003">
  <ItemGroup>
    <ClCompile Include="GLDebug.cpp" />
    <ClCompile Include="Importers\MeshLoadInfo.cpp" />
    <ClCompile Include="InputHandler.cpp" />
    <ClCompile Include="main.cpp" />
    <ClCompile Include="Importers\MeshImporter.cpp" />
    <ClCompile Include="SceneGraph\MeshNode.cpp" />
    <ClCompile Include="Render\Renderer.cpp" />
    <ClCompile Include="SceneGraph\SceneNode.cpp" />
    <ClCompile Include="shader.cpp" />
    <ClCompile Include="Texture.cpp" />
    <ClCompile Include="SceneGraph\TransformNode.cpp" />
    <ClCompile Include="Shader\LightingShaderProgram.cpp" />
    <ClCompile Include="Shader\ShaderProgram.cpp" />
    <ClCompile Include="SceneGraph\CameraNode.cpp" />
    <ClCompile Include="Physics\PhysicsHandler.cpp" />
    <ClCompile Include="Importers\ShaderImporter.cpp" />
    <ClCompile Include="Shader\TextureShaderProgram.cpp" />
    <ClCompile Include="SceneGraph\LightNode.cpp" />
    <ClCompile Include="Shader\SimpleLightingShaderProgram.cpp" />
    <ClCompile Include="SceneGraph\PlayerNode.cpp" />
  </ItemGroup>
  <ItemGroup>
    <ClInclude Include="GLDebug.h" />
    <ClInclude Include="Importers\MeshLoadInfo.h" />
    <ClInclude Include="InputHandler.h" />
    <ClInclude Include="Importers\MeshImporter.h" />
    <ClInclude Include="SceneGraph\MeshNode.h" />
    <ClInclude Include="Render\Renderer.h" />
    <ClInclude Include="SceneGraph\SceneGraphEnum.h" />
    <ClInclude Include="SceneGraph\SceneNode.h" />
    <ClInclude Include="shader.hpp" />
    <ClInclude Include="Util\FileChecker.h" />
    <ClInclude Include="Util\UuidHelper.h" />
    <ClInclude Include="Texture.h" />
    <ClInclude Include="SceneGraph\TransformNode.h" />
    <ClInclude Include="Shader\LightingShaderProgram.h" />
    <ClInclude Include="Shader\ShaderProgram.h" />
    <ClInclude Include="SceneGraph\CameraNode.h" />
    <ClInclude Include="Physics\PhysicsHandler.h" />
    <ClInclude Include="Importers\ShaderImporter.h" />
    <ClInclude Include="Shader\TextureShaderProgram.h" />
    <ClInclude Include="SceneGraph\LightNode.h" />
    <ClInclude Include="Shader\SimpleLightingShaderProgram.h" />
    <ClInclude Include="SceneGraph\PlayerNode.h" />
  </ItemGroup>
  <ItemGroup>
    <None Include="SimpleFragmentShader.fragmentshader" />
    <None Include="SimpleVertexShader.vertexshader" />
    <None Include="Shader\Fragment\TextureShader.fragmentshader" />
    <None Include="Shader\Fragment\SimpleFragmentShader.fragmentshader" />
    <None Include="Shader\Vertex\SimpleVertexShader.vertexshader" />
  </ItemGroup>
</Project>